
Microsoft Visual Studio Solution File, Format Version 12.00
Project("{FAE04EC0-301F-11D3-BF4B-00C04F79EFBC}") = "Seccion4Ciclos", "Seccion4Ciclos\Seccion4Ciclos.csproj", "{46AD0BEF-D122-4675-A158-5D81BD8DD960}"
EndProject
Global
	GlobalSection(SolutionConfigurationPlatforms) = preSolution
		Debug|Any CPU = Debug|Any CPU
		Release|Any CPU = Release|Any CPU
	EndGlobalSection
	GlobalSection(ProjectConfigurationPlatforms) = postSolution
		{46AD0BEF-D122-4675-A158-5D81BD8DD960}.Debug|Any CPU.ActiveCfg = Debug|Any CPU
		{46AD0BEF-D122-4675-A158-5D81BD8DD960}.Debug|Any CPU.Build.0 = Debug|Any CPU
		{46AD0BEF-D122-4675-A158-5D81BD8DD960}.Release|Any CPU.ActiveCfg = Release|Any CPU
		{46AD0BEF-D122-4675-A158-5D81BD8DD960}.Release|Any CPU.Build.0 = Release|Any CPU
	EndGlobalSection
EndGlobal
