
Microsoft Visual Studio Solution File, Format Version 12.00
Project("{FAE04EC0-301F-11D3-BF4B-00C04F79EFBC}") = "DDD_CA.Domain", "DDD_CA.Domain\DDD_CA.Domain.csproj", "{C5152B2C-8442-45BC-873C-75AD7F9F016D}"
EndProject
Global
	GlobalSection(SolutionConfigurationPlatforms) = preSolution
		Debug|Any CPU = Debug|Any CPU
		Release|Any CPU = Release|Any CPU
	EndGlobalSection
	GlobalSection(ProjectConfigurationPlatforms) = postSolution
		{C5152B2C-8442-45BC-873C-75AD7F9F016D}.Debug|Any CPU.ActiveCfg = Debug|Any CPU
		{C5152B2C-8442-45BC-873C-75AD7F9F016D}.Debug|Any CPU.Build.0 = Debug|Any CPU
		{C5152B2C-8442-45BC-873C-75AD7F9F016D}.Release|Any CPU.ActiveCfg = Release|Any CPU
		{C5152B2C-8442-45BC-873C-75AD7F9F016D}.Release|Any CPU.Build.0 = Release|Any CPU
	EndGlobalSection
EndGlobal
