
Microsoft Visual Studio Solution File, Format Version 12.00
Project("{FAE04EC0-301F-11D3-BF4B-00C04F79EFBC}") = "StructureProgramming", "StructureProgramming\StructureProgramming.csproj", "{76D36A89-95D1-4EEA-A1F0-28094A72706A}"
EndProject
Project("{FAE04EC0-301F-11D3-BF4B-00C04F79EFBC}") = "Object-Oriented-Programming", "Object-Oriented-Programming\Object-Oriented-Programming.csproj", "{AB5481F0-572B-4875-BE81-FBCFF1A5E113}"
EndProject
Project("{FAE04EC0-301F-11D3-BF4B-00C04F79EFBC}") = "FunctionalProgramming", "FunctionalProgramming\FunctionalProgramming.csproj", "{C057814E-CBE2-4365-BAFF-84254A60FC86}"
EndProject
Project("{FAE04EC0-301F-11D3-BF4B-00C04F79EFBC}") = "SOLID", "SOLID\SOLID.csproj", "{2BD4BA4A-507D-45B2-90F4-2662E9C14C4F}"
EndProject
Project("{FAE04EC0-301F-11D3-BF4B-00C04F79EFBC}") = "TestComponent", "TestComponent\TestComponent.csproj", "{369F8614-A3A5-4C2A-B54B-6C92AE708B5D}"
EndProject
Project("{FAE04EC0-301F-11D3-BF4B-00C04F79EFBC}") = "OperationComponent", "OperationComponent\OperationComponent.csproj", "{55A0B5B2-A566-4BED-8E31-D54088FF43FA}"
EndProject
Project("{FAE04EC0-301F-11D3-BF4B-00C04F79EFBC}") = "BeersRepositoryComponent", "BeersRepositoryComponent\BeersRepositoryComponent.csproj", "{70C66564-E794-433D-9FEC-B884E0F29890}"
EndProject
Project("{FAE04EC0-301F-11D3-BF4B-00C04F79EFBC}") = "BusinessComponent", "BusinessComponent\BusinessComponent.csproj", "{8B6A7F3B-DC6E-43ED-85BB-10921A976CBA}"
EndProject
Project("{FAE04EC0-301F-11D3-BF4B-00C04F79EFBC}") = "RepositoryComponent", "RepositoryComponent\RepositoryComponent.csproj", "{9092BE1A-38EB-4F9B-B533-FFA1CDED1673}"
EndProject
Project("{2150E333-8FDC-42A3-9474-1A3956D46DE8}") = "Clean Architecture", "Clean Architecture", "{2F6A3BE3-A671-498A-ADA5-9AFC14FCB47E}"
EndProject
Project("{FAE04EC0-301F-11D3-BF4B-00C04F79EFBC}") = "CA-EnterpriseLayer", "CA-EnterpriseLayer\CA-EnterpriseLayer.csproj", "{7E363FAE-58A2-4449-8EBC-73FD74EB8EDC}"
EndProject
Project("{FAE04EC0-301F-11D3-BF4B-00C04F79EFBC}") = "CA-ApplicationLayer", "CA-ApplicationLayer\CA-ApplicationLayer.csproj", "{C10189CC-FB5F-44A8-9D4B-74B1AF7B887D}"
EndProject
Project("{FAE04EC0-301F-11D3-BF4B-00C04F79EFBC}") = "CA-InferfaceAdapter-Data", "CA-InferfaceAdapter-Data\CA-InferfaceAdapter-Data.csproj", "{3DA3D208-6A56-4503-9DBF-F373BD1FB601}"
EndProject
Global
	GlobalSection(SolutionConfigurationPlatforms) = preSolution
		Debug|Any CPU = Debug|Any CPU
		Release|Any CPU = Release|Any CPU
	EndGlobalSection
	GlobalSection(ProjectConfigurationPlatforms) = postSolution
		{76D36A89-95D1-4EEA-A1F0-28094A72706A}.Debug|Any CPU.ActiveCfg = Debug|Any CPU
		{76D36A89-95D1-4EEA-A1F0-28094A72706A}.Debug|Any CPU.Build.0 = Debug|Any CPU
		{76D36A89-95D1-4EEA-A1F0-28094A72706A}.Release|Any CPU.ActiveCfg = Release|Any CPU
		{76D36A89-95D1-4EEA-A1F0-28094A72706A}.Release|Any CPU.Build.0 = Release|Any CPU
		{AB5481F0-572B-4875-BE81-FBCFF1A5E113}.Debug|Any CPU.ActiveCfg = Debug|Any CPU
		{AB5481F0-572B-4875-BE81-FBCFF1A5E113}.Debug|Any CPU.Build.0 = Debug|Any CPU
		{AB5481F0-572B-4875-BE81-FBCFF1A5E113}.Release|Any CPU.ActiveCfg = Release|Any CPU
		{AB5481F0-572B-4875-BE81-FBCFF1A5E113}.Release|Any CPU.Build.0 = Release|Any CPU
		{C057814E-CBE2-4365-BAFF-84254A60FC86}.Debug|Any CPU.ActiveCfg = Debug|Any CPU
		{C057814E-CBE2-4365-BAFF-84254A60FC86}.Debug|Any CPU.Build.0 = Debug|Any CPU
		{C057814E-CBE2-4365-BAFF-84254A60FC86}.Release|Any CPU.ActiveCfg = Release|Any CPU
		{C057814E-CBE2-4365-BAFF-84254A60FC86}.Release|Any CPU.Build.0 = Release|Any CPU
		{2BD4BA4A-507D-45B2-90F4-2662E9C14C4F}.Debug|Any CPU.ActiveCfg = Debug|Any CPU
		{2BD4BA4A-507D-45B2-90F4-2662E9C14C4F}.Debug|Any CPU.Build.0 = Debug|Any CPU
		{2BD4BA4A-507D-45B2-90F4-2662E9C14C4F}.Release|Any CPU.ActiveCfg = Release|Any CPU
		{2BD4BA4A-507D-45B2-90F4-2662E9C14C4F}.Release|Any CPU.Build.0 = Release|Any CPU
		{369F8614-A3A5-4C2A-B54B-6C92AE708B5D}.Debug|Any CPU.ActiveCfg = Debug|Any CPU
		{369F8614-A3A5-4C2A-B54B-6C92AE708B5D}.Debug|Any CPU.Build.0 = Debug|Any CPU
		{369F8614-A3A5-4C2A-B54B-6C92AE708B5D}.Release|Any CPU.ActiveCfg = Release|Any CPU
		{369F8614-A3A5-4C2A-B54B-6C92AE708B5D}.Release|Any CPU.Build.0 = Release|Any CPU
		{55A0B5B2-A566-4BED-8E31-D54088FF43FA}.Debug|Any CPU.ActiveCfg = Debug|Any CPU
		{55A0B5B2-A566-4BED-8E31-D54088FF43FA}.Debug|Any CPU.Build.0 = Debug|Any CPU
		{55A0B5B2-A566-4BED-8E31-D54088FF43FA}.Release|Any CPU.ActiveCfg = Release|Any CPU
		{55A0B5B2-A566-4BED-8E31-D54088FF43FA}.Release|Any CPU.Build.0 = Release|Any CPU
		{70C66564-E794-433D-9FEC-B884E0F29890}.Debug|Any CPU.ActiveCfg = Debug|Any CPU
		{70C66564-E794-433D-9FEC-B884E0F29890}.Debug|Any CPU.Build.0 = Debug|Any CPU
		{70C66564-E794-433D-9FEC-B884E0F29890}.Release|Any CPU.ActiveCfg = Release|Any CPU
		{70C66564-E794-433D-9FEC-B884E0F29890}.Release|Any CPU.Build.0 = Release|Any CPU
		{8B6A7F3B-DC6E-43ED-85BB-10921A976CBA}.Debug|Any CPU.ActiveCfg = Debug|Any CPU
		{8B6A7F3B-DC6E-43ED-85BB-10921A976CBA}.Debug|Any CPU.Build.0 = Debug|Any CPU
		{8B6A7F3B-DC6E-43ED-85BB-10921A976CBA}.Release|Any CPU.ActiveCfg = Release|Any CPU
		{8B6A7F3B-DC6E-43ED-85BB-10921A976CBA}.Release|Any CPU.Build.0 = Release|Any CPU
		{9092BE1A-38EB-4F9B-B533-FFA1CDED1673}.Debug|Any CPU.ActiveCfg = Debug|Any CPU
		{9092BE1A-38EB-4F9B-B533-FFA1CDED1673}.Debug|Any CPU.Build.0 = Debug|Any CPU
		{9092BE1A-38EB-4F9B-B533-FFA1CDED1673}.Release|Any CPU.ActiveCfg = Release|Any CPU
		{9092BE1A-38EB-4F9B-B533-FFA1CDED1673}.Release|Any CPU.Build.0 = Release|Any CPU
		{7E363FAE-58A2-4449-8EBC-73FD74EB8EDC}.Debug|Any CPU.ActiveCfg = Debug|Any CPU
		{7E363FAE-58A2-4449-8EBC-73FD74EB8EDC}.Debug|Any CPU.Build.0 = Debug|Any CPU
		{7E363FAE-58A2-4449-8EBC-73FD74EB8EDC}.Release|Any CPU.ActiveCfg = Release|Any CPU
		{7E363FAE-58A2-4449-8EBC-73FD74EB8EDC}.Release|Any CPU.Build.0 = Release|Any CPU
		{C10189CC-FB5F-44A8-9D4B-74B1AF7B887D}.Debug|Any CPU.ActiveCfg = Debug|Any CPU
		{C10189CC-FB5F-44A8-9D4B-74B1AF7B887D}.Debug|Any CPU.Build.0 = Debug|Any CPU
		{C10189CC-FB5F-44A8-9D4B-74B1AF7B887D}.Release|Any CPU.ActiveCfg = Release|Any CPU
		{C10189CC-FB5F-44A8-9D4B-74B1AF7B887D}.Release|Any CPU.Build.0 = Release|Any CPU
		{3DA3D208-6A56-4503-9DBF-F373BD1FB601}.Debug|Any CPU.ActiveCfg = Debug|Any CPU
		{3DA3D208-6A56-4503-9DBF-F373BD1FB601}.Debug|Any CPU.Build.0 = Debug|Any CPU
		{3DA3D208-6A56-4503-9DBF-F373BD1FB601}.Release|Any CPU.ActiveCfg = Release|Any CPU
		{3DA3D208-6A56-4503-9DBF-F373BD1FB601}.Release|Any CPU.Build.0 = Release|Any CPU
	EndGlobalSection
	GlobalSection(NestedProjects) = preSolution
		{7E363FAE-58A2-4449-8EBC-73FD74EB8EDC} = {2F6A3BE3-A671-498A-ADA5-9AFC14FCB47E}
		{C10189CC-FB5F-44A8-9D4B-74B1AF7B887D} = {2F6A3BE3-A671-498A-ADA5-9AFC14FCB47E}
		{3DA3D208-6A56-4503-9DBF-F373BD1FB601} = {2F6A3BE3-A671-498A-ADA5-9AFC14FCB47E}
	EndGlobalSection
EndGlobal
